{
    "_readme": [
        "This file locks the dependencies of your project to a known state",
        "Read more about it at https://getcomposer.org/doc/01-basic-usage.md#composer-lock-the-lock-file",
        "This file is @generated automatically"
    ],
    "content-hash": "5ccc20af4c9eab7e3db856764ec3f9ec",
    "packages": [
        {
            "name": "components/jquery",
            "version": "3.2.1",
            "source": {
                "type": "git",
                "url": "https://github.com/components/jquery.git",
                "reference": "e5534d4ab8e80c159553d507e358ed20a806d3bf"
            },
            "dist": {
                "type": "zip",
                "url": "https://api.github.com/repos/components/jquery/zipball/e5534d4ab8e80c159553d507e358ed20a806d3bf",
                "reference": "e5534d4ab8e80c159553d507e358ed20a806d3bf",
                "shasum": ""
            },
            "type": "component",
            "extra": {
                "component": {
                    "scripts": [
                        "jquery.js"
                    ],
                    "files": [
                        "jquery.min.js",
                        "jquery.min.map",
                        "jquery.slim.js",
                        "jquery.slim.min.js",
                        "jquery.slim.min.map"
                    ]
                }
            },
            "notification-url": "https://packagist.org/downloads/",
            "license": [
                "MIT"
            ],
            "authors": [
                {
                    "name": "JS Foundation and other contributors"
                }
            ],
            "description": "jQuery JavaScript Library",
            "homepage": "http://jquery.com",
            "time": "2017-03-21T07:01:49+00:00"
        },
        {
            "name": "ezyang/htmlpurifier",
            "version": "v4.10.0",
            "source": {
                "type": "git",
                "url": "https://github.com/ezyang/htmlpurifier.git",
                "reference": "d85d39da4576a6934b72480be6978fb10c860021"
            },
            "dist": {
                "type": "zip",
                "url": "https://api.github.com/repos/ezyang/htmlpurifier/zipball/d85d39da4576a6934b72480be6978fb10c860021",
                "reference": "d85d39da4576a6934b72480be6978fb10c860021",
                "shasum": ""
            },
            "require": {
                "php": ">=5.2"
            },
            "require-dev": {
                "simpletest/simpletest": "^1.1"
            },
            "type": "library",
            "autoload": {
                "psr-0": {
                    "HTMLPurifier": "library/"
                },
                "files": [
                    "library/HTMLPurifier.composer.php"
                ]
            },
            "notification-url": "https://packagist.org/downloads/",
            "license": [
                "LGPL"
            ],
            "authors": [
                {
                    "name": "Edward Z. Yang",
                    "email": "admin@htmlpurifier.org",
                    "homepage": "http://ezyang.com"
                }
            ],
            "description": "Standards compliant HTML filter written in PHP",
            "homepage": "http://htmlpurifier.org/",
            "keywords": [
                "html"
            ],
            "time": "2018-02-23T01:58:20+00:00"
        },
        {
            "name": "facebook/graph-sdk",
            "version": "5.6.2",
            "source": {
                "type": "git",
                "url": "https://github.com/facebook/php-graph-sdk.git",
                "reference": "030f8c5b9b1a6c09e71719fd638b66ea4daa2f10"
            },
            "dist": {
                "type": "zip",
                "url": "https://api.github.com/repos/facebook/php-graph-sdk/zipball/030f8c5b9b1a6c09e71719fd638b66ea4daa2f10",
                "reference": "030f8c5b9b1a6c09e71719fd638b66ea4daa2f10",
                "shasum": ""
            },
            "require": {
                "php": "^5.4|^7.0"
            },
            "require-dev": {
                "guzzlehttp/guzzle": "~5.0",
                "mockery/mockery": "~0.8",
                "phpunit/phpunit": "~4.0"
            },
            "suggest": {
                "guzzlehttp/guzzle": "Allows for implementation of the Guzzle HTTP client",
                "paragonie/random_compat": "Provides a better CSPRNG option in PHP 5"
            },
            "type": "library",
            "extra": {
                "branch-alias": {
                    "dev-master": "5.x-dev"
                }
            },
            "autoload": {
                "psr-4": {
                    "Facebook\\": "src/Facebook/"
                },
                "files": [
                    "src/Facebook/polyfills.php"
                ]
            },
            "notification-url": "https://packagist.org/downloads/",
            "license": [
                "Facebook Platform"
            ],
            "authors": [
                {
                    "name": "Facebook",
                    "homepage": "https://github.com/facebook/php-graph-sdk/contributors"
                }
            ],
            "description": "Facebook SDK for PHP",
            "homepage": "https://github.com/facebook/php-graph-sdk",
            "keywords": [
                "facebook",
                "sdk"
            ],
            "time": "2018-02-14T23:24:51+00:00"
        },
        {
            "name": "guzzlehttp/guzzle",
            "version": "6.3.0",
            "source": {
                "type": "git",
                "url": "https://github.com/guzzle/guzzle.git",
                "reference": "f4db5a78a5ea468d4831de7f0bf9d9415e348699"
            },
            "dist": {
                "type": "zip",
                "url": "https://api.github.com/repos/guzzle/guzzle/zipball/f4db5a78a5ea468d4831de7f0bf9d9415e348699",
                "reference": "f4db5a78a5ea468d4831de7f0bf9d9415e348699",
                "shasum": ""
            },
            "require": {
                "guzzlehttp/promises": "^1.0",
                "guzzlehttp/psr7": "^1.4",
                "php": ">=5.5"
            },
            "require-dev": {
                "ext-curl": "*",
                "phpunit/phpunit": "^4.0 || ^5.0",
                "psr/log": "^1.0"
            },
            "suggest": {
                "psr/log": "Required for using the Log middleware"
            },
            "type": "library",
            "extra": {
                "branch-alias": {
                    "dev-master": "6.2-dev"
                }
            },
            "autoload": {
                "files": [
                    "src/functions_include.php"
                ],
                "psr-4": {
                    "GuzzleHttp\\": "src/"
                }
            },
            "notification-url": "https://packagist.org/downloads/",
            "license": [
                "MIT"
            ],
            "authors": [
                {
                    "name": "Michael Dowling",
                    "email": "mtdowling@gmail.com",
                    "homepage": "https://github.com/mtdowling"
                }
            ],
            "description": "Guzzle is a PHP HTTP client library",
            "homepage": "http://guzzlephp.org/",
            "keywords": [
                "client",
                "curl",
                "framework",
                "http",
                "http client",
                "rest",
                "web service"
            ],
            "time": "2017-06-22T18:50:49+00:00"
        },
        {
            "name": "guzzlehttp/promises",
            "version": "v1.3.1",
            "source": {
                "type": "git",
                "url": "https://github.com/guzzle/promises.git",
                "reference": "a59da6cf61d80060647ff4d3eb2c03a2bc694646"
            },
            "dist": {
                "type": "zip",
                "url": "https://api.github.com/repos/guzzle/promises/zipball/a59da6cf61d80060647ff4d3eb2c03a2bc694646",
                "reference": "a59da6cf61d80060647ff4d3eb2c03a2bc694646",
                "shasum": ""
            },
            "require": {
                "php": ">=5.5.0"
            },
            "require-dev": {
                "phpunit/phpunit": "^4.0"
            },
            "type": "library",
            "extra": {
                "branch-alias": {
                    "dev-master": "1.4-dev"
                }
            },
            "autoload": {
                "psr-4": {
                    "GuzzleHttp\\Promise\\": "src/"
                },
                "files": [
                    "src/functions_include.php"
                ]
            },
            "notification-url": "https://packagist.org/downloads/",
            "license": [
                "MIT"
            ],
            "authors": [
                {
                    "name": "Michael Dowling",
                    "email": "mtdowling@gmail.com",
                    "homepage": "https://github.com/mtdowling"
                }
            ],
            "description": "Guzzle promises library",
            "keywords": [
                "promise"
            ],
            "time": "2016-12-20T10:07:11+00:00"
        },
        {
            "name": "guzzlehttp/psr7",
            "version": "1.4.2",
            "source": {
                "type": "git",
                "url": "https://github.com/guzzle/psr7.git",
                "reference": "f5b8a8512e2b58b0071a7280e39f14f72e05d87c"
            },
            "dist": {
                "type": "zip",
                "url": "https://api.github.com/repos/guzzle/psr7/zipball/f5b8a8512e2b58b0071a7280e39f14f72e05d87c",
                "reference": "f5b8a8512e2b58b0071a7280e39f14f72e05d87c",
                "shasum": ""
            },
            "require": {
                "php": ">=5.4.0",
                "psr/http-message": "~1.0"
            },
            "provide": {
                "psr/http-message-implementation": "1.0"
            },
            "require-dev": {
                "phpunit/phpunit": "~4.0"
            },
            "type": "library",
            "extra": {
                "branch-alias": {
                    "dev-master": "1.4-dev"
                }
            },
            "autoload": {
                "psr-4": {
                    "GuzzleHttp\\Psr7\\": "src/"
                },
                "files": [
                    "src/functions_include.php"
                ]
            },
            "notification-url": "https://packagist.org/downloads/",
            "license": [
                "MIT"
            ],
            "authors": [
                {
                    "name": "Michael Dowling",
                    "email": "mtdowling@gmail.com",
                    "homepage": "https://github.com/mtdowling"
                },
                {
                    "name": "Tobias Schultze",
                    "homepage": "https://github.com/Tobion"
                }
            ],
            "description": "PSR-7 message implementation that also provides common utility methods",
            "keywords": [
                "http",
                "message",
                "request",
                "response",
                "stream",
                "uri",
                "url"
            ],
            "time": "2017-03-20T17:10:46+00:00"
        },
        {
            "name": "helhum/dotenv-connector",
            "version": "v2.0.3",
            "source": {
                "type": "git",
                "url": "https://github.com/helhum/dotenv-connector.git",
                "reference": "1101725815ce619e362c9059073101acf07d2a7c"
            },
            "dist": {
                "type": "zip",
                "url": "https://api.github.com/repos/helhum/dotenv-connector/zipball/1101725815ce619e362c9059073101acf07d2a7c",
                "reference": "1101725815ce619e362c9059073101acf07d2a7c",
                "shasum": ""
            },
            "require": {
                "composer-plugin-api": "^1.0",
                "php": ">=7.0 <7.3",
                "symfony/dotenv": "^3.3.0 || ^4.0"
            },
            "require-dev": {
                "composer/composer": "^1.0.0",
                "mikey179/vfsstream": "^1.6.0",
                "phpunit/phpunit": "^5"
            },
            "type": "composer-plugin",
            "extra": {
                "class": "Helhum\\DotEnvConnector\\Plugin",
                "branch-alias": {
                    "dev-master": "2.0.x-dev"
                }
            },
            "autoload": {
                "psr-4": {
                    "Helhum\\DotEnvConnector\\": "src/"
                }
            },
            "notification-url": "https://packagist.org/downloads/",
            "license": [
                "MIT"
            ],
            "authors": [
                {
                    "name": "Helmut Hummel",
                    "email": "info@helhum.io"
                }
            ],
            "description": "Makes it possible to set environment variables for composer projects.",
            "homepage": "https://github.com/helhum/dotenv-connector",
            "keywords": [
                "12factor",
                "composer",
                "dotenv",
                "env"
            ],
            "time": "2017-12-21T16:25:53+00:00"
        },
        {
            "name": "jalle19/php-yui-compressor",
            "version": "1.0.1",
            "source": {
                "type": "git",
                "url": "https://github.com/Jalle19/php-yui-compressor.git",
                "reference": "eb88c4f7fd8d7c8bd15a1970611d67cca11f71a0"
            },
            "dist": {
                "type": "zip",
                "url": "https://api.github.com/repos/Jalle19/php-yui-compressor/zipball/eb88c4f7fd8d7c8bd15a1970611d67cca11f71a0",
                "reference": "eb88c4f7fd8d7c8bd15a1970611d67cca11f71a0",
                "shasum": ""
            },
            "require": {
                "nervo/yuicompressor": "2.4.*",
                "php": ">=5.3.0"
            },
            "type": "library",
            "autoload": {
                "psr-0": {
                    "YUI": "lib/"
                }
            },
            "notification-url": "https://packagist.org/downloads/",
            "license": [
                "BSD-2-Clause"
            ],
            "description": "A modern PHP wrapper for the YUI compressor",
            "homepage": "https://github.com/Jalle19/php-yui-compressor",
            "keywords": [
                "JS",
                "css",
                "minify",
                "yui"
            ],
            "time": "2014-06-03T12:02:11+00:00"
        },
        {
            "name": "jbroadway/urlify",
            "version": "1.1.0-stable",
            "source": {
                "type": "git",
                "url": "https://github.com/jbroadway/urlify.git",
                "reference": "99bb78cd9002d0e9ce479bb81635eb665e37e981"
            },
            "dist": {
                "type": "zip",
                "url": "https://api.github.com/repos/jbroadway/urlify/zipball/99bb78cd9002d0e9ce479bb81635eb665e37e981",
                "reference": "99bb78cd9002d0e9ce479bb81635eb665e37e981",
                "shasum": ""
            },
            "require": {
                "php": ">=5.3.0"
            },
            "type": "library",
            "extra": {
                "branch-alias": {
                    "dev-master": "1.0-dev"
                }
            },
            "autoload": {
                "psr-0": {
                    "URLify": ""
                }
            },
            "notification-url": "https://packagist.org/downloads/",
            "license": [
                "BSD"
            ],
            "authors": [
                {
                    "name": "Johnny Broadway",
                    "email": "johnny@johnnybroadway.com",
                    "homepage": "http://www.johnnybroadway.com/"
                }
            ],
            "description": "PHP port of URLify.js from the Django project. Transliterates non-ascii characters for use in URLs.",
            "homepage": "https://github.com/jbroadway/urlify",
            "keywords": [
                "encode",
                "iconv",
                "link",
                "slug",
                "translit",
                "transliterate",
                "transliteration",
                "url",
                "urlify"
            ],
            "time": "2017-01-03T20:12:54+00:00"
        },
        {
            "name": "js-cookie/js-cookie",
            "version": "v2.1.3",
            "source": {
                "type": "git",
                "url": "https://github.com/mirko-pagliai/js-cookie.git",
                "reference": "68acf18560eb7a5d21db7197ae24d975971d1ae0"
            },
            "dist": {
                "type": "zip",
                "url": "https://api.github.com/repos/mirko-pagliai/js-cookie/zipball/68acf18560eb7a5d21db7197ae24d975971d1ae0",
                "reference": "68acf18560eb7a5d21db7197ae24d975971d1ae0",
                "shasum": ""
            },
            "type": "library",
            "notification-url": "https://packagist.org/downloads/"
        },
        {
            "name": "linkorb/jsmin-php",
            "version": "1.0.0",
            "source": {
                "type": "git",
                "url": "https://github.com/linkorb/jsmin-php.git",
                "reference": "be85d87fc9c27730e7e9ced742b13010dafc1026"
            },
            "dist": {
                "type": "zip",
                "url": "https://api.github.com/repos/linkorb/jsmin-php/zipball/be85d87fc9c27730e7e9ced742b13010dafc1026",
                "reference": "be85d87fc9c27730e7e9ced742b13010dafc1026",
                "shasum": ""
            },
            "require": {
                "php": ">=5.0.0"
            },
            "type": "library",
            "autoload": {
                "classmap": [
                    "src/"
                ]
            },
            "notification-url": "https://packagist.org/downloads/",
            "license": [
                "MIT"
            ],
            "authors": [
                {
                    "name": "Joost Faassen",
                    "email": "j.faassen@linkorb.com",
                    "role": "Packaging for Composer"
                },
                {
                    "name": "Ryan Grove",
                    "email": "ryan@wonko.com",
                    "role": "PHP port"
                },
                {
                    "name": "Adam Gofort",
                    "email": "aag@adamgoforth.com",
                    "role": "Updates to the PHP port"
                },
                {
                    "name": "Douglas Crockford",
                    "email": "douglas@crockford.com"
                }
            ],
            "description": "Unofficial package of jsmin-php",
            "homepage": "http://www.github.com/linkorb/jsmin-php",
            "keywords": [
                "javascript",
                "jsmin",
                "minify"
            ],
            "time": "2013-03-15T13:16:35+00:00"
        },
        {
            "name": "matthiasmullie/minify",
            "version": "1.3.59",
            "source": {
                "type": "git",
                "url": "https://github.com/matthiasmullie/minify.git",
                "reference": "62dac3bce06de66f0d71fe6490cf1c508d3c3ff7"
            },
            "dist": {
                "type": "zip",
                "url": "https://api.github.com/repos/matthiasmullie/minify/zipball/62dac3bce06de66f0d71fe6490cf1c508d3c3ff7",
                "reference": "62dac3bce06de66f0d71fe6490cf1c508d3c3ff7",
                "shasum": ""
            },
            "require": {
                "ext-pcre": "*",
                "matthiasmullie/path-converter": "~1.1",
                "php": ">=5.3.0"
            },
            "require-dev": {
                "friendsofphp/php-cs-fixer": "~2.0",
                "matthiasmullie/scrapbook": "~1.0",
                "phpunit/phpunit": "~4.8"
            },
            "suggest": {
                "psr/cache-implementation": "Cache implementation to use with Minify::cache"
            },
            "bin": [
                "bin/minifycss",
                "bin/minifyjs"
            ],
            "type": "library",
            "autoload": {
                "psr-4": {
                    "MatthiasMullie\\Minify\\": "src/"
                }
            },
            "notification-url": "https://packagist.org/downloads/",
            "license": [
                "MIT"
            ],
            "authors": [
                {
                    "name": "Matthias Mullie",
                    "email": "minify@mullie.eu",
                    "homepage": "http://www.mullie.eu",
                    "role": "Developer"
                }
            ],
            "description": "CSS & JavaScript minifier, in PHP. Removes whitespace, strips comments, combines files (incl. @import statements and small assets in CSS files), and optimizes/shortens a few common programming patterns.",
            "homepage": "http://www.minifier.org",
            "keywords": [
                "JS",
                "css",
                "javascript",
                "minifier",
                "minify"
            ],
            "time": "2018-02-02T12:44:18+00:00"
        },
        {
            "name": "matthiasmullie/path-converter",
            "version": "1.1.1",
            "source": {
                "type": "git",
                "url": "https://github.com/matthiasmullie/path-converter.git",
                "reference": "3082a6838be02b930239a97d38b5c9da4d693aca"
            },
            "dist": {
                "type": "zip",
                "url": "https://api.github.com/repos/matthiasmullie/path-converter/zipball/3082a6838be02b930239a97d38b5c9da4d693aca",
                "reference": "3082a6838be02b930239a97d38b5c9da4d693aca",
                "shasum": ""
            },
            "require": {
                "ext-pcre": "*",
                "php": ">=5.3.0"
            },
            "require-dev": {
                "phpunit/phpunit": "~4.8"
            },
            "type": "library",
            "autoload": {
                "psr-4": {
                    "MatthiasMullie\\PathConverter\\": "src/"
                }
            },
            "notification-url": "https://packagist.org/downloads/",
            "license": [
                "MIT"
            ],
            "authors": [
                {
                    "name": "Matthias Mullie",
                    "email": "pathconverter@mullie.eu",
                    "homepage": "http://www.mullie.eu",
                    "role": "Developer"
                }
            ],
            "description": "Relative path converter",
            "homepage": "http://github.com/matthiasmullie/path-converter",
            "keywords": [
                "converter",
                "path",
                "paths",
                "relative"
            ],
            "time": "2018-02-02T11:30:10+00:00"
        },
        {
            "name": "meenie/javascript-packer",
            "version": "1.1",
            "source": {
                "type": "git",
                "url": "https://github.com/meenie/javascript-packer.git",
                "reference": "dcab0159ae1ed9d7535c034fb8afe1e4c3495d22"
            },
            "dist": {
                "type": "zip",
                "url": "https://api.github.com/repos/meenie/javascript-packer/zipball/dcab0159ae1ed9d7535c034fb8afe1e4c3495d22",
                "reference": "dcab0159ae1ed9d7535c034fb8afe1e4c3495d22",
                "shasum": ""
            },
            "type": "library",
            "autoload": {
                "files": [
                    "class.JavaScriptPacker.php"
                ]
            },
            "notification-url": "https://packagist.org/downloads/",
            "license": [
                "LGPL 2.1"
            ],
            "authors": [
                {
                    "name": "Nicolas Martin",
                    "role": "Developer"
                }
            ],
            "description": "Composer hosted mirror of the PHP Version of Dean Edwards' JavaScript Packer",
            "homepage": "http://joliclic.free.fr/php/javascript-packer/en/",
            "keywords": [
                "javascript packer"
            ],
            "time": "2013-03-25T21:54:33+00:00"
        },
        {
            "name": "natxet/CssMin",
            "version": "v3.0.6",
            "source": {
                "type": "git",
                "url": "https://github.com/natxet/CssMin.git",
                "reference": "d5d9f4c3e5cedb1ae96a95a21731f8790e38f1dd"
            },
            "dist": {
                "type": "zip",
                "url": "https://api.github.com/repos/natxet/CssMin/zipball/d5d9f4c3e5cedb1ae96a95a21731f8790e38f1dd",
                "reference": "d5d9f4c3e5cedb1ae96a95a21731f8790e38f1dd",
                "shasum": ""
            },
            "require": {
                "php": ">=5.0"
            },
            "type": "library",
            "extra": {
                "branch-alias": {
                    "dev-master": "3.0-dev"
                }
            },
            "autoload": {
                "classmap": [
                    "src/"
                ]
            },
            "notification-url": "https://packagist.org/downloads/",
            "license": [
                "MIT"
            ],
            "authors": [
                {
                    "name": "Joe Scylla",
                    "email": "joe.scylla@gmail.com",
                    "homepage": "https://profiles.google.com/joe.scylla"
                }
            ],
            "description": "Minifying CSS",
            "homepage": "http://code.google.com/p/cssmin/",
            "keywords": [
                "css",
                "minify"
            ],
            "time": "2018-01-09T11:15:01+00:00"
        },
        {
            "name": "nervo/yuicompressor",
            "version": "2.4.8",
            "source": {
                "type": "git",
                "url": "https://github.com/nervo/yuicompressor.git",
                "reference": "e6e3b215c3998cf6092613c002ae533ae75d7ada"
            },
            "dist": {
                "type": "zip",
                "url": "https://api.github.com/repos/nervo/yuicompressor/zipball/e6e3b215c3998cf6092613c002ae533ae75d7ada",
                "reference": "e6e3b215c3998cf6092613c002ae533ae75d7ada",
                "shasum": ""
            },
            "type": "library",
            "notification-url": "https://packagist.org/downloads/",
            "license": [
                "BSD"
            ],
            "description": "YUI Compressor is an open source tool that supports the compression of both JavaScript and CSS files. The JavaScript compression removes comments and white-spaces as well as obfuscates local variables using the smallest possible variable name. CSS compression is done using a regular-expression-based CSS minifier.",
            "homepage": "https://github.com/yui/yuicompressor",
            "keywords": [
                "java",
                "yui"
            ],
            "time": "2013-09-13T10:26:14+00:00"
        },
        {
            "name": "patchwork/jsqueeze",
            "version": "v2.0.5",
            "source": {
                "type": "git",
                "url": "https://github.com/tchwork/jsqueeze.git",
                "reference": "693d64850eab2ce6a7c8f7cf547e1ab46e69d542"
            },
            "dist": {
                "type": "zip",
                "url": "https://api.github.com/repos/tchwork/jsqueeze/zipball/693d64850eab2ce6a7c8f7cf547e1ab46e69d542",
                "reference": "693d64850eab2ce6a7c8f7cf547e1ab46e69d542",
                "shasum": ""
            },
            "require": {
                "php": ">=5.3.0"
            },
            "type": "library",
            "extra": {
                "branch-alias": {
                    "dev-master": "2.0-dev"
                }
            },
            "autoload": {
                "psr-4": {
                    "Patchwork\\": "src/"
                }
            },
            "notification-url": "https://packagist.org/downloads/",
            "license": [
                "(Apache-2.0 or GPL-2.0)"
            ],
            "authors": [
                {
                    "name": "Nicolas Grekas",
                    "email": "p@tchwork.com"
                }
            ],
            "description": "Efficient JavaScript minification in PHP",
            "homepage": "https://github.com/tchwork/jsqueeze",
            "keywords": [
                "compression",
                "javascript",
                "minification"
            ],
            "time": "2016-04-19T09:28:22+00:00"
        },
        {
            "name": "psr/http-message",
            "version": "1.0.1",
            "source": {
                "type": "git",
                "url": "https://github.com/php-fig/http-message.git",
                "reference": "f6561bf28d520154e4b0ec72be95418abe6d9363"
            },
            "dist": {
                "type": "zip",
                "url": "https://api.github.com/repos/php-fig/http-message/zipball/f6561bf28d520154e4b0ec72be95418abe6d9363",
                "reference": "f6561bf28d520154e4b0ec72be95418abe6d9363",
                "shasum": ""
            },
            "require": {
                "php": ">=5.3.0"
            },
            "type": "library",
            "extra": {
                "branch-alias": {
                    "dev-master": "1.0.x-dev"
                }
            },
            "autoload": {
                "psr-4": {
                    "Psr\\Http\\Message\\": "src/"
                }
            },
            "notification-url": "https://packagist.org/downloads/",
            "license": [
                "MIT"
            ],
            "authors": [
                {
                    "name": "PHP-FIG",
                    "homepage": "http://www.php-fig.org/"
                }
            ],
            "description": "Common interface for HTTP messages",
            "homepage": "https://github.com/php-fig/http-message",
            "keywords": [
                "http",
                "http-message",
                "psr",
                "psr-7",
                "request",
                "response"
            ],
            "time": "2016-08-06T14:39:51+00:00"
        },
        {
            "name": "symfony/dotenv",
            "version": "v4.0.5",
            "source": {
                "type": "git",
                "url": "https://github.com/symfony/dotenv.git",
                "reference": "afb6923923e22874dac20bd042167ccb8df1d158"
            },
            "dist": {
                "type": "zip",
                "url": "https://api.github.com/repos/symfony/dotenv/zipball/afb6923923e22874dac20bd042167ccb8df1d158",
                "reference": "afb6923923e22874dac20bd042167ccb8df1d158",
                "shasum": ""
            },
            "require": {
                "php": "^7.1.3"
            },
            "require-dev": {
                "symfony/process": "~3.4|~4.0"
            },
            "type": "library",
            "extra": {
                "branch-alias": {
                    "dev-master": "4.0-dev"
                }
            },
            "autoload": {
                "psr-4": {
                    "Symfony\\Component\\Dotenv\\": ""
                },
                "exclude-from-classmap": [
                    "/Tests/"
                ]
            },
            "notification-url": "https://packagist.org/downloads/",
            "license": [
                "MIT"
            ],
            "authors": [
                {
                    "name": "Fabien Potencier",
                    "email": "fabien@symfony.com"
                },
                {
                    "name": "Symfony Community",
                    "homepage": "https://symfony.com/contributors"
                }
            ],
            "description": "Registers environment variables from a .env file",
            "homepage": "https://symfony.com",
            "keywords": [
                "dotenv",
                "env",
                "environment"
            ],
            "time": "2018-01-03T17:15:19+00:00"
        },
        {
            "name": "symfony/polyfill-mbstring",
            "version": "v1.7.0",
            "source": {
                "type": "git",
                "url": "https://github.com/symfony/polyfill-mbstring.git",
                "reference": "78be803ce01e55d3491c1397cf1c64beb9c1b63b"
            },
            "dist": {
                "type": "zip",
                "url": "https://api.github.com/repos/symfony/polyfill-mbstring/zipball/78be803ce01e55d3491c1397cf1c64beb9c1b63b",
                "reference": "78be803ce01e55d3491c1397cf1c64beb9c1b63b",
                "shasum": ""
            },
            "require": {
                "php": ">=5.3.3"
            },
            "suggest": {
                "ext-mbstring": "For best performance"
            },
            "type": "library",
            "extra": {
                "branch-alias": {
                    "dev-master": "1.7-dev"
                }
            },
            "autoload": {
                "psr-4": {
                    "Symfony\\Polyfill\\Mbstring\\": ""
                },
                "files": [
                    "bootstrap.php"
                ]
            },
            "notification-url": "https://packagist.org/downloads/",
            "license": [
                "MIT"
            ],
            "authors": [
                {
                    "name": "Nicolas Grekas",
                    "email": "p@tchwork.com"
                },
                {
                    "name": "Symfony Community",
                    "homepage": "https://symfony.com/contributors"
                }
            ],
            "description": "Symfony polyfill for the Mbstring extension",
            "homepage": "https://symfony.com",
            "keywords": [
                "compatibility",
                "mbstring",
                "polyfill",
                "portable",
                "shim"
            ],
            "time": "2018-01-30T19:27:44+00:00"
        },
        {
            "name": "symfony/yaml",
            "version": "v4.0.5",
            "source": {
                "type": "git",
                "url": "https://github.com/symfony/yaml.git",
                "reference": "de5f125ea39de846b90b313b2cfb031a0152d223"
            },
            "dist": {
                "type": "zip",
                "url": "https://api.github.com/repos/symfony/yaml/zipball/de5f125ea39de846b90b313b2cfb031a0152d223",
                "reference": "de5f125ea39de846b90b313b2cfb031a0152d223",
                "shasum": ""
            },
            "require": {
                "php": "^7.1.3"
            },
            "conflict": {
                "symfony/console": "<3.4"
            },
            "require-dev": {
                "symfony/console": "~3.4|~4.0"
            },
            "suggest": {
                "symfony/console": "For validating YAML files using the lint command"
            },
            "type": "library",
            "extra": {
                "branch-alias": {
                    "dev-master": "4.0-dev"
                }
            },
            "autoload": {
                "psr-4": {
                    "Symfony\\Component\\Yaml\\": ""
                },
                "exclude-from-classmap": [
                    "/Tests/"
                ]
            },
            "notification-url": "https://packagist.org/downloads/",
            "license": [
                "MIT"
            ],
            "authors": [
                {
                    "name": "Fabien Potencier",
                    "email": "fabien@symfony.com"
                },
                {
                    "name": "Symfony Community",
                    "homepage": "https://symfony.com/contributors"
                }
            ],
            "description": "Symfony Yaml Component",
            "homepage": "https://symfony.com",
            "time": "2018-02-19T20:08:53+00:00"
        },
        {
            "name": "tedivm/jshrink",
            "version": "v1.3.0",
            "source": {
                "type": "git",
                "url": "https://github.com/tedious/JShrink.git",
                "reference": "68ce379b213741e86f02bf6053b0d26b9f833448"
            },
            "dist": {
                "type": "zip",
                "url": "https://api.github.com/repos/tedious/JShrink/zipball/68ce379b213741e86f02bf6053b0d26b9f833448",
                "reference": "68ce379b213741e86f02bf6053b0d26b9f833448",
                "shasum": ""
            },
            "require": {
                "php": "^5.6|^7.0"
            },
            "require-dev": {
                "friendsofphp/php-cs-fixer": "^2.8",
                "php-coveralls/php-coveralls": "^1.1.0",
                "phpunit/phpunit": "^6"
            },
            "type": "library",
            "autoload": {
                "psr-0": {
                    "JShrink": "src/"
                }
            },
            "notification-url": "https://packagist.org/downloads/",
            "license": [
                "BSD-3-Clause"
            ],
            "authors": [
                {
                    "name": "Robert Hafner",
                    "email": "tedivm@tedivm.com"
                }
            ],
            "description": "Javascript Minifier built in PHP",
            "homepage": "http://github.com/tedious/JShrink",
            "keywords": [
                "javascript",
                "minifier"
            ],
            "time": "2017-12-08T00:59:56+00:00"
        },
        {
            "name": "twbs/bootstrap",
            "version": "v4.0.0",
            "source": {
                "type": "git",
                "url": "https://github.com/twbs/bootstrap.git",
                "reference": "8a628b943cf31ca0a002c08af661a95772480225"
            },
            "dist": {
                "type": "zip",
                "url": "https://api.github.com/repos/twbs/bootstrap/zipball/8a628b943cf31ca0a002c08af661a95772480225",
                "reference": "8a628b943cf31ca0a002c08af661a95772480225",
                "shasum": ""
            },
            "replace": {
                "twitter/bootstrap": "self.version"
            },
            "type": "library",
            "extra": {
                "branch-alias": {
                    "dev-master": "3.3.x-dev"
                }
            },
            "notification-url": "https://packagist.org/downloads/",
            "license": [
                "MIT"
            ],
            "authors": [
                {
                    "name": "Jacob Thornton",
                    "email": "jacobthornton@gmail.com"
                },
                {
                    "name": "Mark Otto",
                    "email": "markdotto@gmail.com"
                }
            ],
            "description": "The most popular front-end framework for developing responsive, mobile first projects on the web.",
            "homepage": "https://getbootstrap.com",
            "keywords": [
                "JS",
                "css",
                "framework",
                "front-end",
                "mobile-first",
                "responsive",
                "sass",
                "web"
            ],
            "time": "2018-01-18T18:29:48+00:00"
        },
        {
            "name": "twig/twig",
            "version": "v2.4.6",
            "source": {
                "type": "git",
                "url": "https://github.com/twigphp/Twig.git",
                "reference": "d2117ec118c1ff3d28ccddca8212d82787a4809f"
            },
            "dist": {
                "type": "zip",
                "url": "https://api.github.com/repos/twigphp/Twig/zipball/d2117ec118c1ff3d28ccddca8212d82787a4809f",
                "reference": "d2117ec118c1ff3d28ccddca8212d82787a4809f",
                "shasum": ""
            },
            "require": {
                "php": "^7.0",
                "symfony/polyfill-mbstring": "~1.0"
            },
            "require-dev": {
                "psr/container": "^1.0",
                "symfony/debug": "~2.7",
                "symfony/phpunit-bridge": "~3.3@dev"
            },
            "type": "library",
            "extra": {
                "branch-alias": {
                    "dev-master": "2.4-dev"
                }
            },
            "autoload": {
                "psr-0": {
                    "Twig_": "lib/"
                },
                "psr-4": {
                    "Twig\\": "src/"
                }
            },
            "notification-url": "https://packagist.org/downloads/",
            "license": [
                "BSD-3-Clause"
            ],
            "authors": [
                {
                    "name": "Fabien Potencier",
                    "email": "fabien@symfony.com",
                    "homepage": "http://fabien.potencier.org",
                    "role": "Lead Developer"
                },
                {
                    "name": "Armin Ronacher",
                    "email": "armin.ronacher@active-4.com",
                    "role": "Project Founder"
                },
                {
                    "name": "Twig Team",
                    "homepage": "http://twig.sensiolabs.org/contributors",
                    "role": "Contributors"
                }
            ],
            "description": "Twig, the flexible, fast, and secure template language for PHP",
            "homepage": "http://twig.sensiolabs.org",
            "keywords": [
                "templating"
            ],
            "time": "2018-03-03T16:23:01+00:00"
        },
        {
            "name": "vlucas/phpdotenv",
            "version": "v2.4.0",
            "source": {
                "type": "git",
                "url": "https://github.com/vlucas/phpdotenv.git",
                "reference": "3cc116adbe4b11be5ec557bf1d24dc5e3a21d18c"
            },
            "dist": {
                "type": "zip",
                "url": "https://api.github.com/repos/vlucas/phpdotenv/zipball/3cc116adbe4b11be5ec557bf1d24dc5e3a21d18c",
                "reference": "3cc116adbe4b11be5ec557bf1d24dc5e3a21d18c",
                "shasum": ""
            },
            "require": {
                "php": ">=5.3.9"
            },
            "require-dev": {
                "phpunit/phpunit": "^4.8 || ^5.0"
            },
            "type": "library",
            "extra": {
                "branch-alias": {
                    "dev-master": "2.4-dev"
                }
            },
            "autoload": {
                "psr-4": {
                    "Dotenv\\": "src/"
                }
            },
            "notification-url": "https://packagist.org/downloads/",
            "license": [
                "BSD-3-Clause-Attribution"
            ],
            "authors": [
                {
                    "name": "Vance Lucas",
                    "email": "vance@vancelucas.com",
                    "homepage": "http://www.vancelucas.com"
                }
            ],
            "description": "Loads environment variables from `.env` to `getenv()`, `$_ENV` and `$_SERVER` automagically.",
            "keywords": [
                "dotenv",
                "env",
                "environment"
            ],
            "time": "2016-09-01T10:05:43+00:00"
        },
        {
            "name": "websharks/css-minifier",
            "version": "150820",
            "source": {
                "type": "git",
                "url": "https://github.com/websharks/css-minifier.git",
                "reference": "da1d0254c41e1f59c7337aa444d743e6056046ff"
            },
            "dist": {
                "type": "zip",
                "url": "https://api.github.com/repos/websharks/css-minifier/zipball/da1d0254c41e1f59c7337aa444d743e6056046ff",
                "reference": "da1d0254c41e1f59c7337aa444d743e6056046ff",
                "shasum": ""
            },
            "require": {
                "ext-mbstring": "*",
                "php": ">=5.3"
            },
            "type": "library",
            "autoload": {
                "psr-4": {
                    "WebSharks\\CssMinifier\\": "src/includes/classes"
                }
            },
            "notification-url": "https://packagist.org/downloads/",
            "license": [
                "GPL-3.0+"
            ],
            "authors": [
                {
                    "name": "websharks",
                    "homepage": "http://websharks-inc.com/",
                    "role": "company"
                },
                {
                    "name": "jaswsinc",
                    "homepage": "http://jaswsinc.com/",
                    "role": "developer"
                },
                {
                    "name": "raamdev",
                    "homepage": "http://raam.org/",
                    "role": "developer"
                }
            ],
            "description": "Compresses CSS.",
            "homepage": "https://github.com/websharks/css-minifier",
            "keywords": [
                "compressor",
                "css",
                "websharks"
            ],
            "time": "2015-08-21T03:19:25+00:00"
        },
        {
            "name": "wyrihaximus/html-compress",
            "version": "1.4.0",
            "source": {
                "type": "git",
                "url": "https://github.com/WyriHaximus/HtmlCompress.git",
                "reference": "0c2207ceaa711b93e1d33551cbb7b1ba6cd1e975"
            },
            "dist": {
                "type": "zip",
                "url": "https://api.github.com/repos/WyriHaximus/HtmlCompress/zipball/0c2207ceaa711b93e1d33551cbb7b1ba6cd1e975",
                "reference": "0c2207ceaa711b93e1d33551cbb7b1ba6cd1e975",
                "shasum": ""
            },
            "require": {
                "jalle19/php-yui-compressor": "^1.0",
                "linkorb/jsmin-php": "1.0.0",
                "matthiasmullie/minify": "^1.3",
                "meenie/javascript-packer": "1.1",
                "natxet/cssmin": "^3.0",
                "patchwork/jsqueeze": "~1.0|~2.0",
                "php": "^7.0 || ^5.6",
                "tedivm/jshrink": "^1.3",
                "websharks/css-minifier": "150820"
            },
            "require-dev": {
                "phake/phake": "^1.0",
                "phpunit/phpunit": "^4.0",
                "squizlabs/php_codesniffer": "^1.0",
                "vectorface/dunit": "^2.0"
            },
            "type": "library",
            "autoload": {
                "psr-4": {
                    "WyriHaximus\\HtmlCompress\\": "src/"
                }
            },
            "notification-url": "https://packagist.org/downloads/",
            "license": [
                "MIT"
            ],
            "authors": [
                {
                    "name": "Cees-Jan Kiewiet",
                    "email": "ceesjank@gmail.com",
                    "homepage": "http://wyrihaximus.net/"
                }
            ],
            "description": "Compress/minify your HTML",
            "keywords": [
                "compress",
                "html"
            ],
            "time": "2018-01-03T21:15:44+00:00"
        }
    ],
    "packages-dev": [],
    "aliases": [],
    "minimum-stability": "dev",
    "stability-flags": [],
    "prefer-stable": true,
    "prefer-lowest": false,
    "platform": [],
    "platform-dev": []
}
